
Microsoft Visual Studio Solution File, Format Version 12.00
# Visual Studio Version 17
VisualStudioVersion = 17.5.002.0
MinimumVisualStudioVersion = 10.0.40219.1
Project("{9A19103F-16F7-4668-BE54-9A1E7A4F7556}") = "geometricMean", "geometricMean.csproj", "{6CBA519B-DEE8-4DC7-87FB-89B3DFB3A5D7}"
EndProject
Global
	GlobalSection(SolutionConfigurationPlatforms) = preSolution
		Debug|Any CPU = Debug|Any CPU
		Release|Any CPU = Release|Any CPU
	EndGlobalSection
	GlobalSection(ProjectConfigurationPlatforms) = postSolution
		{6CBA519B-DEE8-4DC7-87FB-89B3DFB3A5D7}.Debug|Any CPU.ActiveCfg = Debug|Any CPU
		{6CBA519B-DEE8-4DC7-87FB-89B3DFB3A5D7}.Debug|Any CPU.Build.0 = Debug|Any CPU
		{6CBA519B-DEE8-4DC7-87FB-89B3DFB3A5D7}.Release|Any CPU.ActiveCfg = Release|Any CPU
		{6CBA519B-DEE8-4DC7-87FB-89B3DFB3A5D7}.Release|Any CPU.Build.0 = Release|Any CPU
	EndGlobalSection
	GlobalSection(SolutionProperties) = preSolution
		HideSolutionNode = FALSE
	EndGlobalSection
	GlobalSection(ExtensibilityGlobals) = postSolution
		SolutionGuid = {45CB9DBF-2E9D-4B0F-A201-C1B3FCE93641}
	EndGlobalSection
EndGlobal
